
Microsoft Visual Studio Solution File, Format Version 12.00
# Visual Studio 14
VisualStudioVersion = 14.0.25420.1
MinimumVisualStudioVersion = 10.0.40219.1
Project("{FAE04EC0-301F-11D3-BF4B-00C04F79EFBC}") = "Lesson_3", "Lesson_3\Lesson_3.csproj", "{D9BA622E-D4C8-4ABA-8E08-1245493AABEF}"
EndProject
Global
	GlobalSection(SolutionConfigurationPlatforms) = preSolution
		Debug|Any CPU = Debug|Any CPU
		Release|Any CPU = Release|Any CPU
	EndGlobalSection
	GlobalSection(ProjectConfigurationPlatforms) = postSolution
		{D9BA622E-D4C8-4ABA-8E08-1245493AABEF}.Debug|Any CPU.ActiveCfg = Debug|Any CPU
		{D9BA622E-D4C8-4ABA-8E08-1245493AABEF}.Debug|Any CPU.Build.0 = Debug|Any CPU
		{D9BA622E-D4C8-4ABA-8E08-1245493AABEF}.Release|Any CPU.ActiveCfg = Release|Any CPU
		{D9BA622E-D4C8-4ABA-8E08-1245493AABEF}.Release|Any CPU.Build.0 = Release|Any CPU
	EndGlobalSection
	GlobalSection(SolutionProperties) = preSolution
		HideSolutionNode = FALSE
	EndGlobalSection
EndGlobal
